// !$*UTF8*$!
{
	archiveVersion = 1;
	classes = {
	};
	objectVersion = 55;
	objects = {

/* Begin PBXBuildFile section */
		B404F421274269B100F5F809 /* RandomUserViewModel.swift in Sources */ = {isa = PBXBuildFile; fileRef = B404F420274269B100F5F809 /* RandomUserViewModel.swift */; };
		B408B34D272BCC4F00A43F7E /* ScrollReader.swift in Sources */ = {isa = PBXBuildFile; fileRef = B408B34C272BCC4F00A43F7E /* ScrollReader.swift */; };
		B417A34C272958EF005085A9 /* MapView.swift in Sources */ = {isa = PBXBuildFile; fileRef = B417A34B272958EF005085A9 /* MapView.swift */; };
		B417A34F272962CF005085A9 /* MyMapView.swift in Sources */ = {isa = PBXBuildFile; fileRef = B417A34E272962CF005085A9 /* MyMapView.swift */; };
		B41D6C73271D84300027E8C7 /* SwiftUILabApp.swift in Sources */ = {isa = PBXBuildFile; fileRef = B41D6C72271D84300027E8C7 /* SwiftUILabApp.swift */; };
		B41D6C75271D84300027E8C7 /* ContentView.swift in Sources */ = {isa = PBXBuildFile; fileRef = B41D6C74271D84300027E8C7 /* ContentView.swift */; };
		B41D6C77271D84310027E8C7 /* Assets.xcassets in Resources */ = {isa = PBXBuildFile; fileRef = B41D6C76271D84310027E8C7 /* Assets.xcassets */; };
		B41D6C7A271D84310027E8C7 /* Preview Assets.xcassets in Resources */ = {isa = PBXBuildFile; fileRef = B41D6C79271D84310027E8C7 /* Preview Assets.xcassets */; };
		B42CB95727311FBA00074A9A /* OAuthView.swift in Sources */ = {isa = PBXBuildFile; fileRef = B42CB95627311FBA00074A9A /* OAuthView.swift */; };
		B42CB95A27314E4D00074A9A /* LoginView.swift in Sources */ = {isa = PBXBuildFile; fileRef = B42CB95927314E4D00074A9A /* LoginView.swift */; };
		B42CB95C2731527C00074A9A /* RegisterView.swift in Sources */ = {isa = PBXBuildFile; fileRef = B42CB95B2731527C00074A9A /* RegisterView.swift */; };
		B42CB960273158F900074A9A /* ProfileView.swift in Sources */ = {isa = PBXBuildFile; fileRef = B42CB95F273158F900074A9A /* ProfileView.swift */; };
		B42CB963273159B400074A9A /* UserData.swift in Sources */ = {isa = PBXBuildFile; fileRef = B42CB962273159B400074A9A /* UserData.swift */; };
		B42CB96627317AA200074A9A /* OtherUserProfileView.swift in Sources */ = {isa = PBXBuildFile; fileRef = B42CB96527317AA200074A9A /* OtherUserProfileView.swift */; };
		B42CB96827317C3600074A9A /* UserListView.swift in Sources */ = {isa = PBXBuildFile; fileRef = B42CB96727317C3600074A9A /* UserListView.swift */; };
		B46C6030273010BB00423C09 /* MyButtonStyle.swift in Sources */ = {isa = PBXBuildFile; fileRef = B46C602F273010BB00423C09 /* MyButtonStyle.swift */; };
		B46C60322730127500423C09 /* AppState.swift in Sources */ = {isa = PBXBuildFile; fileRef = B46C60312730127500423C09 /* AppState.swift */; };
		B4A086002741619300A1D135 /* AlamofireView.swift in Sources */ = {isa = PBXBuildFile; fileRef = B4A085FF2741619300A1D135 /* AlamofireView.swift */; };
		B4A08603274161E200A1D135 /* ProfileImageView.swift in Sources */ = {isa = PBXBuildFile; fileRef = B4A08602274161E200A1D135 /* ProfileImageView.swift */; };
		B4A086062741626100A1D135 /* URLImage in Frameworks */ = {isa = PBXBuildFile; productRef = B4A086052741626100A1D135 /* URLImage */; };
		B4A08608274164FD00A1D135 /* RandomUserRowView.swift in Sources */ = {isa = PBXBuildFile; fileRef = B4A08607274164FD00A1D135 /* RandomUserRowView.swift */; };
		B4A0860B274167EE00A1D135 /* Alamofire in Frameworks */ = {isa = PBXBuildFile; productRef = B4A0860A274167EE00A1D135 /* Alamofire */; };
		B4A0860E274168A100A1D135 /* RandomUser.swift in Sources */ = {isa = PBXBuildFile; fileRef = B4A0860D274168A100A1D135 /* RandomUser.swift */; };
		B4FCA94A272FF06200E83D14 /* ReduxView.swift in Sources */ = {isa = PBXBuildFile; fileRef = B4FCA949272FF06200E83D14 /* ReduxView.swift */; };
		B4FCA94C272FFD2300E83D14 /* DiceView.swift in Sources */ = {isa = PBXBuildFile; fileRef = B4FCA94B272FFD2300E83D14 /* DiceView.swift */; };
		B4FCA94E2730044F00E83D14 /* AppStore.swift in Sources */ = {isa = PBXBuildFile; fileRef = B4FCA94D2730044F00E83D14 /* AppStore.swift */; };
		B4FCA9502730077100E83D14 /* AppAction.swift in Sources */ = {isa = PBXBuildFile; fileRef = B4FCA94F2730077100E83D14 /* AppAction.swift */; };
		B4FCA952273007A700E83D14 /* Reducers.swift in Sources */ = {isa = PBXBuildFile; fileRef = B4FCA951273007A700E83D14 /* Reducers.swift */; };
/* End PBXBuildFile section */

/* Begin PBXFileReference section */
		B404F420274269B100F5F809 /* RandomUserViewModel.swift */ = {isa = PBXFileReference; lastKnownFileType = sourcecode.swift; path = RandomUserViewModel.swift; sourceTree = "<group>"; };
		B408B34C272BCC4F00A43F7E /* ScrollReader.swift */ = {isa = PBXFileReference; lastKnownFileType = sourcecode.swift; path = ScrollReader.swift; sourceTree = "<group>"; };
		B417A34B272958EF005085A9 /* MapView.swift */ = {isa = PBXFileReference; lastKnownFileType = sourcecode.swift; path = MapView.swift; sourceTree = "<group>"; };
		B417A34E272962CF005085A9 /* MyMapView.swift */ = {isa = PBXFileReference; lastKnownFileType = sourcecode.swift; path = MyMapView.swift; sourceTree = "<group>"; };
		B41D6C6F271D84300027E8C7 /* SwiftUILab.app */ = {isa = PBXFileReference; explicitFileType = wrapper.application; includeInIndex = 0; path = SwiftUILab.app; sourceTree = BUILT_PRODUCTS_DIR; };
		B41D6C72271D84300027E8C7 /* SwiftUILabApp.swift */ = {isa = PBXFileReference; lastKnownFileType = sourcecode.swift; path = SwiftUILabApp.swift; sourceTree = "<group>"; };
		B41D6C74271D84300027E8C7 /* ContentView.swift */ = {isa = PBXFileReference; lastKnownFileType = sourcecode.swift; path = ContentView.swift; sourceTree = "<group>"; };
		B41D6C76271D84310027E8C7 /* Assets.xcassets */ = {isa = PBXFileReference; lastKnownFileType = folder.assetcatalog; path = Assets.xcassets; sourceTree = "<group>"; };
		B41D6C79271D84310027E8C7 /* Preview Assets.xcassets */ = {isa = PBXFileReference; lastKnownFileType = folder.assetcatalog; path = "Preview Assets.xcassets"; sourceTree = "<group>"; };
		B42CB95627311FBA00074A9A /* OAuthView.swift */ = {isa = PBXFileReference; lastKnownFileType = sourcecode.swift; path = OAuthView.swift; sourceTree = "<group>"; };
		B42CB95927314E4D00074A9A /* LoginView.swift */ = {isa = PBXFileReference; lastKnownFileType = sourcecode.swift; path = LoginView.swift; sourceTree = "<group>"; };
		B42CB95B2731527C00074A9A /* RegisterView.swift */ = {isa = PBXFileReference; lastKnownFileType = sourcecode.swift; path = RegisterView.swift; sourceTree = "<group>"; };
		B42CB95F273158F900074A9A /* ProfileView.swift */ = {isa = PBXFileReference; lastKnownFileType = sourcecode.swift; path = ProfileView.swift; sourceTree = "<group>"; };
		B42CB962273159B400074A9A /* UserData.swift */ = {isa = PBXFileReference; lastKnownFileType = sourcecode.swift; path = UserData.swift; sourceTree = "<group>"; };
		B42CB964273170B200074A9A /* Info.plist */ = {isa = PBXFileReference; lastKnownFileType = text.plist; path = Info.plist; sourceTree = "<group>"; };
		B42CB96527317AA200074A9A /* OtherUserProfileView.swift */ = {isa = PBXFileReference; lastKnownFileType = sourcecode.swift; path = OtherUserProfileView.swift; sourceTree = "<group>"; };
		B42CB96727317C3600074A9A /* UserListView.swift */ = {isa = PBXFileReference; lastKnownFileType = sourcecode.swift; path = UserListView.swift; sourceTree = "<group>"; };
		B46C602F273010BB00423C09 /* MyButtonStyle.swift */ = {isa = PBXFileReference; lastKnownFileType = sourcecode.swift; path = MyButtonStyle.swift; sourceTree = "<group>"; };
		B46C60312730127500423C09 /* AppState.swift */ = {isa = PBXFileReference; lastKnownFileType = sourcecode.swift; path = AppState.swift; sourceTree = "<group>"; };
		B4A085FF2741619300A1D135 /* AlamofireView.swift */ = {isa = PBXFileReference; lastKnownFileType = sourcecode.swift; path = AlamofireView.swift; sourceTree = "<group>"; };
		B4A08602274161E200A1D135 /* ProfileImageView.swift */ = {isa = PBXFileReference; lastKnownFileType = sourcecode.swift; path = ProfileImageView.swift; sourceTree = "<group>"; };
		B4A08607274164FD00A1D135 /* RandomUserRowView.swift */ = {isa = PBXFileReference; lastKnownFileType = sourcecode.swift; path = RandomUserRowView.swift; sourceTree = "<group>"; };
		B4A0860D274168A100A1D135 /* RandomUser.swift */ = {isa = PBXFileReference; lastKnownFileType = sourcecode.swift; path = RandomUser.swift; sourceTree = "<group>"; };
		B4FCA949272FF06200E83D14 /* ReduxView.swift */ = {isa = PBXFileReference; lastKnownFileType = sourcecode.swift; path = ReduxView.swift; sourceTree = "<group>"; };
		B4FCA94B272FFD2300E83D14 /* DiceView.swift */ = {isa = PBXFileReference; lastKnownFileType = sourcecode.swift; path = DiceView.swift; sourceTree = "<group>"; };
		B4FCA94D2730044F00E83D14 /* AppStore.swift */ = {isa = PBXFileReference; lastKnownFileType = sourcecode.swift; path = AppStore.swift; sourceTree = "<group>"; };
		B4FCA94F2730077100E83D14 /* AppAction.swift */ = {isa = PBXFileReference; lastKnownFileType = sourcecode.swift; path = AppAction.swift; sourceTree = "<group>"; };
		B4FCA951273007A700E83D14 /* Reducers.swift */ = {isa = PBXFileReference; lastKnownFileType = sourcecode.swift; path = Reducers.swift; sourceTree = "<group>"; };
/* End PBXFileReference section */

/* Begin PBXFrameworksBuildPhase section */
		B41D6C6C271D84300027E8C7 /* Frameworks */ = {
			isa = PBXFrameworksBuildPhase;
			buildActionMask = 2147483647;
			files = (
				B4A086062741626100A1D135 /* URLImage in Frameworks */,
				B4A0860B274167EE00A1D135 /* Alamofire in Frameworks */,
			);
			runOnlyForDeploymentPostprocessing = 0;
		};
/* End PBXFrameworksBuildPhase section */

/* Begin PBXGroup section */
		B404F41F2742698C00F5F809 /* ViewModel */ = {
			isa = PBXGroup;
			children = (
				B404F420274269B100F5F809 /* RandomUserViewModel.swift */,
			);
			path = ViewModel;
			sourceTree = "<group>";
		};
		B408B34B272BCC2600A43F7E /* ScrollReader */ = {
			isa = PBXGroup;
			children = (
				B408B34C272BCC4F00A43F7E /* ScrollReader.swift */,
			);
			path = ScrollReader;
			sourceTree = "<group>";
		};
		B417A34D272958F6005085A9 /* MapView */ = {
			isa = PBXGroup;
			children = (
				B417A34B272958EF005085A9 /* MapView.swift */,
				B417A34E272962CF005085A9 /* MyMapView.swift */,
			);
			path = MapView;
			sourceTree = "<group>";
		};
		B41D6C66271D84300027E8C7 = {
			isa = PBXGroup;
			children = (
				B41D6C71271D84300027E8C7 /* SwiftUILab */,
				B41D6C70271D84300027E8C7 /* Products */,
			);
			sourceTree = "<group>";
		};
		B41D6C70271D84300027E8C7 /* Products */ = {
			isa = PBXGroup;
			children = (
				B41D6C6F271D84300027E8C7 /* SwiftUILab.app */,
			);
			name = Products;
			sourceTree = "<group>";
		};
		B41D6C71271D84300027E8C7 /* SwiftUILab */ = {
			isa = PBXGroup;
			children = (
				B42CB964273170B200074A9A /* Info.plist */,
				B41D6C76271D84310027E8C7 /* Assets.xcassets */,
				B41D6C78271D84310027E8C7 /* Preview Content */,
				B41D6C72271D84300027E8C7 /* SwiftUILabApp.swift */,
				B41D6C74271D84300027E8C7 /* ContentView.swift */,
				B417A34D272958F6005085A9 /* MapView */,
				B408B34B272BCC2600A43F7E /* ScrollReader */,
				B4FCA948272FF05200E83D14 /* Redux */,
				B42CB95527311F9C00074A9A /* OAuth */,
				B4A085FE2741616200A1D135 /* Alamofire */,
			);
			path = SwiftUILab;
			sourceTree = "<group>";
		};
		B41D6C78271D84310027E8C7 /* Preview Content */ = {
			isa = PBXGroup;
			children = (
				B41D6C79271D84310027E8C7 /* Preview Assets.xcassets */,
			);
			path = "Preview Content";
			sourceTree = "<group>";
		};
		B42CB95527311F9C00074A9A /* OAuth */ = {
			isa = PBXGroup;
			children = (
				B42CB95827314E2100074A9A /* View */,
			);
			path = OAuth;
			sourceTree = "<group>";
		};
		B42CB95827314E2100074A9A /* View */ = {
			isa = PBXGroup;
			children = (
				B42CB961273159AA00074A9A /* Model */,
				B42CB95627311FBA00074A9A /* OAuthView.swift */,
				B42CB95F273158F900074A9A /* ProfileView.swift */,
				B42CB95927314E4D00074A9A /* LoginView.swift */,
				B42CB95B2731527C00074A9A /* RegisterView.swift */,
				B42CB96727317C3600074A9A /* UserListView.swift */,
				B42CB96527317AA200074A9A /* OtherUserProfileView.swift */,
			);
			path = View;
			sourceTree = "<group>";
		};
		B42CB961273159AA00074A9A /* Model */ = {
			isa = PBXGroup;
			children = (
				B42CB962273159B400074A9A /* UserData.swift */,
			);
			path = Model;
			sourceTree = "<group>";
		};
		B4A085FE2741616200A1D135 /* Alamofire */ = {
			isa = PBXGroup;
			children = (
				B4A0860C2741688200A1D135 /* Model */,
				B404F41F2742698C00F5F809 /* ViewModel */,
				B4A08601274161CE00A1D135 /* View */,
			);
			path = Alamofire;
			sourceTree = "<group>";
		};
		B4A08601274161CE00A1D135 /* View */ = {
			isa = PBXGroup;
			children = (
				B4A085FF2741619300A1D135 /* AlamofireView.swift */,
				B4A08602274161E200A1D135 /* ProfileImageView.swift */,
				B4A08607274164FD00A1D135 /* RandomUserRowView.swift */,
			);
			path = View;
			sourceTree = "<group>";
		};
		B4A0860C2741688200A1D135 /* Model */ = {
			isa = PBXGroup;
			children = (
				B4A0860D274168A100A1D135 /* RandomUser.swift */,
			);
			path = Model;
			sourceTree = "<group>";
		};
		B4FCA948272FF05200E83D14 /* Redux */ = {
			isa = PBXGroup;
			children = (
				B46C60312730127500423C09 /* AppState.swift */,
				B4FCA94F2730077100E83D14 /* AppAction.swift */,
				B4FCA951273007A700E83D14 /* Reducers.swift */,
				B4FCA94D2730044F00E83D14 /* AppStore.swift */,
				B4FCA949272FF06200E83D14 /* ReduxView.swift */,
				B4FCA94B272FFD2300E83D14 /* DiceView.swift */,
				B46C602F273010BB00423C09 /* MyButtonStyle.swift */,
			);
			path = Redux;
			sourceTree = "<group>";
		};
/* End PBXGroup section */

/* Begin PBXNativeTarget section */
		B41D6C6E271D84300027E8C7 /* SwiftUILab */ = {
			isa = PBXNativeTarget;
			buildConfigurationList = B41D6C7D271D84310027E8C7 /* Build configuration list for PBXNativeTarget "SwiftUILab" */;
			buildPhases = (
				B41D6C6B271D84300027E8C7 /* Sources */,
				B41D6C6C271D84300027E8C7 /* Frameworks */,
				B41D6C6D271D84300027E8C7 /* Resources */,
			);
			buildRules = (
			);
			dependencies = (
			);
			name = SwiftUILab;
			packageProductDependencies = (
				B4A086052741626100A1D135 /* URLImage */,
				B4A0860A274167EE00A1D135 /* Alamofire */,
			);
			productName = SwiftUILab;
			productReference = B41D6C6F271D84300027E8C7 /* SwiftUILab.app */;
			productType = "com.apple.product-type.application";
		};
/* End PBXNativeTarget section */

/* Begin PBXProject section */
		B41D6C67271D84300027E8C7 /* Project object */ = {
			isa = PBXProject;
			attributes = {
				BuildIndependentTargetsInParallel = 1;
				KnownAssetTags = (
					New,
				);
				LastSwiftUpdateCheck = 1300;
				LastUpgradeCheck = 1300;
				TargetAttributes = {
					B41D6C6E271D84300027E8C7 = {
						CreatedOnToolsVersion = 13.0;
					};
				};
			};
			buildConfigurationList = B41D6C6A271D84300027E8C7 /* Build configuration list for PBXProject "SwiftUILab" */;
			compatibilityVersion = "Xcode 13.0";
			developmentRegion = en;
			hasScannedForEncodings = 0;
			knownRegions = (
				en,
				Base,
			);
			mainGroup = B41D6C66271D84300027E8C7;
			packageReferences = (
				B4A086042741626100A1D135 /* XCRemoteSwiftPackageReference "url-image" */,
				B4A08609274167EE00A1D135 /* XCRemoteSwiftPackageReference "Alamofire" */,
			);
			productRefGroup = B41D6C70271D84300027E8C7 /* Products */;
			projectDirPath = "";
			projectRoot = "";
			targets = (
				B41D6C6E271D84300027E8C7 /* SwiftUILab */,
			);
		};
/* End PBXProject section */

/* Begin PBXResourcesBuildPhase section */
		B41D6C6D271D84300027E8C7 /* Resources */ = {
			isa = PBXResourcesBuildPhase;
			buildActionMask = 2147483647;
			files = (
				B41D6C7A271D84310027E8C7 /* Preview Assets.xcassets in Resources */,
				B41D6C77271D84310027E8C7 /* Assets.xcassets in Resources */,
			);
			runOnlyForDeploymentPostprocessing = 0;
		};
/* End PBXResourcesBuildPhase section */

/* Begin PBXSourcesBuildPhase section */
		B41D6C6B271D84300027E8C7 /* Sources */ = {
			isa = PBXSourcesBuildPhase;
			buildActionMask = 2147483647;
			files = (
				B41D6C75271D84300027E8C7 /* ContentView.swift in Sources */,
				B4A086002741619300A1D135 /* AlamofireView.swift in Sources */,
				B417A34F272962CF005085A9 /* MyMapView.swift in Sources */,
				B42CB96827317C3600074A9A /* UserListView.swift in Sources */,
				B417A34C272958EF005085A9 /* MapView.swift in Sources */,
				B42CB95727311FBA00074A9A /* OAuthView.swift in Sources */,
				B46C60322730127500423C09 /* AppState.swift in Sources */,
				B4A08608274164FD00A1D135 /* RandomUserRowView.swift in Sources */,
				B41D6C73271D84300027E8C7 /* SwiftUILabApp.swift in Sources */,
				B42CB95C2731527C00074A9A /* RegisterView.swift in Sources */,
				B46C6030273010BB00423C09 /* MyButtonStyle.swift in Sources */,
				B42CB960273158F900074A9A /* ProfileView.swift in Sources */,
				B4FCA9502730077100E83D14 /* AppAction.swift in Sources */,
				B42CB95A27314E4D00074A9A /* LoginView.swift in Sources */,
				B408B34D272BCC4F00A43F7E /* ScrollReader.swift in Sources */,
				B4A0860E274168A100A1D135 /* RandomUser.swift in Sources */,
				B404F421274269B100F5F809 /* RandomUserViewModel.swift in Sources */,
				B42CB96627317AA200074A9A /* OtherUserProfileView.swift in Sources */,
				B4A08603274161E200A1D135 /* ProfileImageView.swift in Sources */,
				B4FCA952273007A700E83D14 /* Reducers.swift in Sources */,
				B42CB963273159B400074A9A /* UserData.swift in Sources */,
				B4FCA94C272FFD2300E83D14 /* DiceView.swift in Sources */,
				B4FCA94A272FF06200E83D14 /* ReduxView.swift in Sources */,
				B4FCA94E2730044F00E83D14 /* AppStore.swift in Sources */,
			);
			runOnlyForDeploymentPostprocessing = 0;
		};
/* End PBXSourcesBuildPhase section */

/* Begin XCBuildConfiguration section */
		B41D6C7B271D84310027E8C7 /* Debug */ = {
			isa = XCBuildConfiguration;
			buildSettings = {
				ALWAYS_SEARCH_USER_PATHS = NO;
				CLANG_ANALYZER_NONNULL = YES;
				CLANG_ANALYZER_NUMBER_OBJECT_CONVERSION = YES_AGGRESSIVE;
				CLANG_CXX_LANGUAGE_STANDARD = "gnu++17";
				CLANG_CXX_LIBRARY = "libc++";
				CLANG_ENABLE_MODULES = YES;
				CLANG_ENABLE_OBJC_ARC = YES;
				CLANG_ENABLE_OBJC_WEAK = YES;
				CLANG_WARN_BLOCK_CAPTURE_AUTORELEASING = YES;
				CLANG_WARN_BOOL_CONVERSION = YES;
				CLANG_WARN_COMMA = YES;
				CLANG_WARN_CONSTANT_CONVERSION = YES;
				CLANG_WARN_DEPRECATED_OBJC_IMPLEMENTATIONS = YES;
				CLANG_WARN_DIRECT_OBJC_ISA_USAGE = YES_ERROR;
				CLANG_WARN_DOCUMENTATION_COMMENTS = YES;
				CLANG_WARN_EMPTY_BODY = YES;
				CLANG_WARN_ENUM_CONVERSION = YES;
				CLANG_WARN_INFINITE_RECURSION = YES;
				CLANG_WARN_INT_CONVERSION = YES;
				CLANG_WARN_NON_LITERAL_NULL_CONVERSION = YES;
				CLANG_WARN_OBJC_IMPLICIT_RETAIN_SELF = YES;
				CLANG_WARN_OBJC_LITERAL_CONVERSION = YES;
				CLANG_WARN_OBJC_ROOT_CLASS = YES_ERROR;
				CLANG_WARN_QUOTED_INCLUDE_IN_FRAMEWORK_HEADER = YES;
				CLANG_WARN_RANGE_LOOP_ANALYSIS = YES;
				CLANG_WARN_STRICT_PROTOTYPES = YES;
				CLANG_WARN_SUSPICIOUS_MOVE = YES;
				CLANG_WARN_UNGUARDED_AVAILABILITY = YES_AGGRESSIVE;
				CLANG_WARN_UNREACHABLE_CODE = YES;
				CLANG_WARN__DUPLICATE_METHOD_MATCH = YES;
				COPY_PHASE_STRIP = NO;
				DEBUG_INFORMATION_FORMAT = dwarf;
				ENABLE_STRICT_OBJC_MSGSEND = YES;
				ENABLE_TESTABILITY = YES;
				GCC_C_LANGUAGE_STANDARD = gnu11;
				GCC_DYNAMIC_NO_PIC = NO;
				GCC_NO_COMMON_BLOCKS = YES;
				GCC_OPTIMIZATION_LEVEL = 0;
				GCC_PREPROCESSOR_DEFINITIONS = (
					"DEBUG=1",
					"$(inherited)",
				);
				GCC_WARN_64_TO_32_BIT_CONVERSION = YES;
				GCC_WARN_ABOUT_RETURN_TYPE = YES_ERROR;
				GCC_WARN_UNDECLARED_SELECTOR = YES;
				GCC_WARN_UNINITIALIZED_AUTOS = YES_AGGRESSIVE;
				GCC_WARN_UNUSED_FUNCTION = YES;
				GCC_WARN_UNUSED_VARIABLE = YES;
				IPHONEOS_DEPLOYMENT_TARGET = 15.0;
				MTL_ENABLE_DEBUG_INFO = INCLUDE_SOURCE;
				MTL_FAST_MATH = YES;
				ONLY_ACTIVE_ARCH = YES;
				SDKROOT = iphoneos;
				SWIFT_ACTIVE_COMPILATION_CONDITIONS = DEBUG;
				SWIFT_OPTIMIZATION_LEVEL = "-Onone";
			};
			name = Debug;
		};
		B41D6C7C271D84310027E8C7 /* Release */ = {
			isa = XCBuildConfiguration;
			buildSettings = {
				ALWAYS_SEARCH_USER_PATHS = NO;
				CLANG_ANALYZER_NONNULL = YES;
				CLANG_ANALYZER_NUMBER_OBJECT_CONVERSION = YES_AGGRESSIVE;
				CLANG_CXX_LANGUAGE_STANDARD = "gnu++17";
				CLANG_CXX_LIBRARY = "libc++";
				CLANG_ENABLE_MODULES = YES;
				CLANG_ENABLE_OBJC_ARC = YES;
				CLANG_ENABLE_OBJC_WEAK = YES;
				CLANG_WARN_BLOCK_CAPTURE_AUTORELEASING = YES;
				CLANG_WARN_BOOL_CONVERSION = YES;
				CLANG_WARN_COMMA = YES;
				CLANG_WARN_CONSTANT_CONVERSION = YES;
				CLANG_WARN_DEPRECATED_OBJC_IMPLEMENTATIONS = YES;
				CLANG_WARN_DIRECT_OBJC_ISA_USAGE = YES_ERROR;
				CLANG_WARN_DOCUMENTATION_COMMENTS = YES;
				CLANG_WARN_EMPTY_BODY = YES;
				CLANG_WARN_ENUM_CONVERSION = YES;
				CLANG_WARN_INFINITE_RECURSION = YES;
				CLANG_WARN_INT_CONVERSION = YES;
				CLANG_WARN_NON_LITERAL_NULL_CONVERSION = YES;
				CLANG_WARN_OBJC_IMPLICIT_RETAIN_SELF = YES;
				CLANG_WARN_OBJC_LITERAL_CONVERSION = YES;
				CLANG_WARN_OBJC_ROOT_CLASS = YES_ERROR;
				CLANG_WARN_QUOTED_INCLUDE_IN_FRAMEWORK_HEADER = YES;
				CLANG_WARN_RANGE_LOOP_ANALYSIS = YES;
				CLANG_WARN_STRICT_PROTOTYPES = YES;
				CLANG_WARN_SUSPICIOUS_MOVE = YES;
				CLANG_WARN_UNGUARDED_AVAILABILITY = YES_AGGRESSIVE;
				CLANG_WARN_UNREACHABLE_CODE = YES;
				CLANG_WARN__DUPLICATE_METHOD_MATCH = YES;
				COPY_PHASE_STRIP = NO;
				DEBUG_INFORMATION_FORMAT = "dwarf-with-dsym";
				ENABLE_NS_ASSERTIONS = NO;
				ENABLE_STRICT_OBJC_MSGSEND = YES;
				GCC_C_LANGUAGE_STANDARD = gnu11;
				GCC_NO_COMMON_BLOCKS = YES;
				GCC_WARN_64_TO_32_BIT_CONVERSION = YES;
				GCC_WARN_ABOUT_RETURN_TYPE = YES_ERROR;
				GCC_WARN_UNDECLARED_SELECTOR = YES;
				GCC_WARN_UNINITIALIZED_AUTOS = YES_AGGRESSIVE;
				GCC_WARN_UNUSED_FUNCTION = YES;
				GCC_WARN_UNUSED_VARIABLE = YES;
				IPHONEOS_DEPLOYMENT_TARGET = 15.0;
				MTL_ENABLE_DEBUG_INFO = NO;
				MTL_FAST_MATH = YES;
				SDKROOT = iphoneos;
				SWIFT_COMPILATION_MODE = wholemodule;
				SWIFT_OPTIMIZATION_LEVEL = "-O";
				VALIDATE_PRODUCT = YES;
			};
			name = Release;
		};
		B41D6C7E271D84310027E8C7 /* Debug */ = {
			isa = XCBuildConfiguration;
			buildSettings = {
				ASSETCATALOG_COMPILER_APPICON_NAME = AppIcon;
				ASSETCATALOG_COMPILER_GLOBAL_ACCENT_COLOR_NAME = AccentColor;
				CODE_SIGN_STYLE = Automatic;
				CURRENT_PROJECT_VERSION = 1;
				DEVELOPMENT_ASSET_PATHS = "\"SwiftUILab/Preview Content\"";
				DEVELOPMENT_TEAM = 8BMNZ3PCHN;
				ENABLE_PREVIEWS = YES;
				GENERATE_INFOPLIST_FILE = YES;
				INFOPLIST_FILE = SwiftUILab/Info.plist;
				INFOPLIST_KEY_NSLocationWhenInUseUsageDescription = "현재 위치가 필요합니다. 허용해주세요";
				INFOPLIST_KEY_UIApplicationSceneManifest_Generation = YES;
				INFOPLIST_KEY_UIApplicationSupportsIndirectInputEvents = YES;
				INFOPLIST_KEY_UILaunchScreen_Generation = YES;
				INFOPLIST_KEY_UISupportedInterfaceOrientations_iPad = "UIInterfaceOrientationPortrait UIInterfaceOrientationPortraitUpsideDown UIInterfaceOrientationLandscapeLeft UIInterfaceOrientationLandscapeRight";
				INFOPLIST_KEY_UISupportedInterfaceOrientations_iPhone = "UIInterfaceOrientationPortrait UIInterfaceOrientationLandscapeLeft UIInterfaceOrientationLandscapeRight";
				IPHONEOS_DEPLOYMENT_TARGET = 15.0;
				LD_RUNPATH_SEARCH_PATHS = (
					"$(inherited)",
					"@executable_path/Frameworks",
				);
				MARKETING_VERSION = 1.0;
				PRODUCT_BUNDLE_IDENTIFIER = com.devhaute.SwiftUILab;
				PRODUCT_NAME = "$(TARGET_NAME)";
				SWIFT_EMIT_LOC_STRINGS = YES;
				SWIFT_VERSION = 5.0;
				TARGETED_DEVICE_FAMILY = "1,2";
			};
			name = Debug;
		};
		B41D6C7F271D84310027E8C7 /* Release */ = {
			isa = XCBuildConfiguration;
			buildSettings = {
				ASSETCATALOG_COMPILER_APPICON_NAME = AppIcon;
				ASSETCATALOG_COMPILER_GLOBAL_ACCENT_COLOR_NAME = AccentColor;
				CODE_SIGN_STYLE = Automatic;
				CURRENT_PROJECT_VERSION = 1;
				DEVELOPMENT_ASSET_PATHS = "\"SwiftUILab/Preview Content\"";
				DEVELOPMENT_TEAM = 8BMNZ3PCHN;
				ENABLE_PREVIEWS = YES;
				GENERATE_INFOPLIST_FILE = YES;
				INFOPLIST_FILE = SwiftUILab/Info.plist;
				INFOPLIST_KEY_NSLocationWhenInUseUsageDescription = "현재 위치가 필요합니다. 허용해주세요";
				INFOPLIST_KEY_UIApplicationSceneManifest_Generation = YES;
				INFOPLIST_KEY_UIApplicationSupportsIndirectInputEvents = YES;
				INFOPLIST_KEY_UILaunchScreen_Generation = YES;
				INFOPLIST_KEY_UISupportedInterfaceOrientations_iPad = "UIInterfaceOrientationPortrait UIInterfaceOrientationPortraitUpsideDown UIInterfaceOrientationLandscapeLeft UIInterfaceOrientationLandscapeRight";
				INFOPLIST_KEY_UISupportedInterfaceOrientations_iPhone = "UIInterfaceOrientationPortrait UIInterfaceOrientationLandscapeLeft UIInterfaceOrientationLandscapeRight";
				IPHONEOS_DEPLOYMENT_TARGET = 15.0;
				LD_RUNPATH_SEARCH_PATHS = (
					"$(inherited)",
					"@executable_path/Frameworks",
				);
				MARKETING_VERSION = 1.0;
				PRODUCT_BUNDLE_IDENTIFIER = com.devhaute.SwiftUILab;
				PRODUCT_NAME = "$(TARGET_NAME)";
				SWIFT_EMIT_LOC_STRINGS = YES;
				SWIFT_VERSION = 5.0;
				TARGETED_DEVICE_FAMILY = "1,2";
			};
			name = Release;
		};
/* End XCBuildConfiguration section */

/* Begin XCConfigurationList section */
		B41D6C6A271D84300027E8C7 /* Build configuration list for PBXProject "SwiftUILab" */ = {
			isa = XCConfigurationList;
			buildConfigurations = (
				B41D6C7B271D84310027E8C7 /* Debug */,
				B41D6C7C271D84310027E8C7 /* Release */,
			);
			defaultConfigurationIsVisible = 0;
			defaultConfigurationName = Release;
		};
		B41D6C7D271D84310027E8C7 /* Build configuration list for PBXNativeTarget "SwiftUILab" */ = {
			isa = XCConfigurationList;
			buildConfigurations = (
				B41D6C7E271D84310027E8C7 /* Debug */,
				B41D6C7F271D84310027E8C7 /* Release */,
			);
			defaultConfigurationIsVisible = 0;
			defaultConfigurationName = Release;
		};
/* End XCConfigurationList section */

/* Begin XCRemoteSwiftPackageReference section */
		B4A086042741626100A1D135 /* XCRemoteSwiftPackageReference "url-image" */ = {
			isa = XCRemoteSwiftPackageReference;
			repositoryURL = "https://github.com/dmytro-anokhin/url-image";
			requirement = {
				branch = main;
				kind = branch;
			};
		};
		B4A08609274167EE00A1D135 /* XCRemoteSwiftPackageReference "Alamofire" */ = {
			isa = XCRemoteSwiftPackageReference;
			repositoryURL = "https://github.com/Alamofire/Alamofire.git";
			requirement = {
				branch = master;
				kind = branch;
			};
		};
/* End XCRemoteSwiftPackageReference section */

/* Begin XCSwiftPackageProductDependency section */
		B4A086052741626100A1D135 /* URLImage */ = {
			isa = XCSwiftPackageProductDependency;
			package = B4A086042741626100A1D135 /* XCRemoteSwiftPackageReference "url-image" */;
			productName = URLImage;
		};
		B4A0860A274167EE00A1D135 /* Alamofire */ = {
			isa = XCSwiftPackageProductDependency;
			package = B4A08609274167EE00A1D135 /* XCRemoteSwiftPackageReference "Alamofire" */;
			productName = Alamofire;
		};
/* End XCSwiftPackageProductDependency section */
	};
	rootObject = B41D6C67271D84300027E8C7 /* Project object */;
}
